
Microsoft Visual Studio Solution File, Format Version 12.00
# Visual Studio 15
VisualStudioVersion = 15.0.27703.2047
MinimumVisualStudioVersion = 10.0.40219.1
Project("{8BC9CEB8-8B4A-11D0-8D11-00A0C91BC942}") = "VideoBackground", "VideoBackground\VideoBackground.vcxproj", "{695FF2E4-B0D9-461A-B9C2-57F3EA9DC14E}"
EndProject
Global
	GlobalSection(SolutionConfigurationPlatforms) = preSolution
		Debug|x64 = Debug|x64
		Debug|x86 = Debug|x86
		Release|x64 = Release|x64
		Release|x86 = Release|x86
	EndGlobalSection
	GlobalSection(ProjectConfigurationPlatforms) = postSolution
		{695FF2E4-B0D9-461A-B9C2-57F3EA9DC14E}.Debug|x64.ActiveCfg = Debug|x64
		{695FF2E4-B0D9-461A-B9C2-57F3EA9DC14E}.Debug|x64.Build.0 = Debug|x64
		{695FF2E4-B0D9-461A-B9C2-57F3EA9DC14E}.Debug|x86.ActiveCfg = Debug|Win32
		{695FF2E4-B0D9-461A-B9C2-57F3EA9DC14E}.Debug|x86.Build.0 = Debug|Win32
		{695FF2E4-B0D9-461A-B9C2-57F3EA9DC14E}.Release|x64.ActiveCfg = Release|x64
		{695FF2E4-B0D9-461A-B9C2-57F3EA9DC14E}.Release|x64.Build.0 = Release|x64
		{695FF2E4-B0D9-461A-B9C2-57F3EA9DC14E}.Release|x86.ActiveCfg = Release|Win32
		{695FF2E4-B0D9-461A-B9C2-57F3EA9DC14E}.Release|x86.Build.0 = Release|Win32
	EndGlobalSection
	GlobalSection(SolutionProperties) = preSolution
		HideSolutionNode = FALSE
	EndGlobalSection
	GlobalSection(ExtensibilityGlobals) = postSolution
		SolutionGuid = {BFDBB7AD-515F-4ADD-9582-3C49F97D8920}
	EndGlobalSection
EndGlobal
